// !$*UTF8*$!
{
	archiveVersion = 1;
	classes = {
	};
	objectVersion = 50;
	objects = {

/* Begin PBXBuildFile section */
		49F677D322450DF200946417 /* AppDelegate.swift in Sources */ = {isa = PBXBuildFile; fileRef = 49F677D222450DF200946417 /* AppDelegate.swift */; };
		49F677D522450DF200946417 /* ViewController.swift in Sources */ = {isa = PBXBuildFile; fileRef = 49F677D422450DF200946417 /* ViewController.swift */; };
		49F677D822450DF200946417 /* Main.storyboard in Resources */ = {isa = PBXBuildFile; fileRef = 49F677D622450DF200946417 /* Main.storyboard */; };
		49F677DA22450DF200946417 /* Assets.xcassets in Resources */ = {isa = PBXBuildFile; fileRef = 49F677D922450DF200946417 /* Assets.xcassets */; };
		49F677DD22450DF200946417 /* LaunchScreen.storyboard in Resources */ = {isa = PBXBuildFile; fileRef = 49F677DB22450DF200946417 /* LaunchScreen.storyboard */; };
		49F677E822450DF200946417 /* FilesInFirebaseV2Tests.swift in Sources */ = {isa = PBXBuildFile; fileRef = 49F677E722450DF200946417 /* FilesInFirebaseV2Tests.swift */; };
		49F677F322450DF200946417 /* FilesInFirebaseV2UITests.swift in Sources */ = {isa = PBXBuildFile; fileRef = 49F677F222450DF200946417 /* FilesInFirebaseV2UITests.swift */; };
/* End PBXBuildFile section */

/* Begin PBXContainerItemProxy section */
		49F677E422450DF200946417 /* PBXContainerItemProxy */ = {
			isa = PBXContainerItemProxy;
			containerPortal = 49F677C722450DF200946417 /* Project object */;
			proxyType = 1;
			remoteGlobalIDString = 49F677CE22450DF200946417;
			remoteInfo = FilesInFirebaseV2;
		};
		49F677EF22450DF200946417 /* PBXContainerItemProxy */ = {
			isa = PBXContainerItemProxy;
			containerPortal = 49F677C722450DF200946417 /* Project object */;
			proxyType = 1;
			remoteGlobalIDString = 49F677CE22450DF200946417;
			remoteInfo = FilesInFirebaseV2;
		};
/* End PBXContainerItemProxy section */

/* Begin PBXFileReference section */
		49F677CF22450DF200946417 /* FilesInFirebaseV2.app */ = {isa = PBXFileReference; explicitFileType = wrapper.application; includeInIndex = 0; path = FilesInFirebaseV2.app; sourceTree = BUILT_PRODUCTS_DIR; };
		49F677D222450DF200946417 /* AppDelegate.swift */ = {isa = PBXFileReference; lastKnownFileType = sourcecode.swift; path = AppDelegate.swift; sourceTree = "<group>"; };
		49F677D422450DF200946417 /* ViewController.swift */ = {isa = PBXFileReference; lastKnownFileType = sourcecode.swift; path = ViewController.swift; sourceTree = "<group>"; };
		49F677D722450DF200946417 /* Base */ = {isa = PBXFileReference; lastKnownFileType = file.storyboard; name = Base; path = Base.lproj/Main.storyboard; sourceTree = "<group>"; };
		49F677D922450DF200946417 /* Assets.xcassets */ = {isa = PBXFileReference; lastKnownFileType = folder.assetcatalog; path = Assets.xcassets; sourceTree = "<group>"; };
		49F677DC22450DF200946417 /* Base */ = {isa = PBXFileReference; lastKnownFileType = file.storyboard; name = Base; path = Base.lproj/LaunchScreen.storyboard; sourceTree = "<group>"; };
		49F677DE22450DF200946417 /* Info.plist */ = {isa = PBXFileReference; lastKnownFileType = text.plist.xml; path = Info.plist; sourceTree = "<group>"; };
		49F677E322450DF200946417 /* FilesInFirebaseV2Tests.xctest */ = {isa = PBXFileReference; explicitFileType = wrapper.cfbundle; includeInIndex = 0; path = FilesInFirebaseV2Tests.xctest; sourceTree = BUILT_PRODUCTS_DIR; };
		49F677E722450DF200946417 /* FilesInFirebaseV2Tests.swift */ = {isa = PBXFileReference; lastKnownFileType = sourcecode.swift; path = FilesInFirebaseV2Tests.swift; sourceTree = "<group>"; };
		49F677E922450DF200946417 /* Info.plist */ = {isa = PBXFileReference; lastKnownFileType = text.plist.xml; path = Info.plist; sourceTree = "<group>"; };
		49F677EE22450DF200946417 /* FilesInFirebaseV2UITests.xctest */ = {isa = PBXFileReference; explicitFileType = wrapper.cfbundle; includeInIndex = 0; path = FilesInFirebaseV2UITests.xctest; sourceTree = BUILT_PRODUCTS_DIR; };
		49F677F222450DF200946417 /* FilesInFirebaseV2UITests.swift */ = {isa = PBXFileReference; lastKnownFileType = sourcecode.swift; path = FilesInFirebaseV2UITests.swift; sourceTree = "<group>"; };
		49F677F422450DF200946417 /* Info.plist */ = {isa = PBXFileReference; lastKnownFileType = text.plist.xml; path = Info.plist; sourceTree = "<group>"; };
/* End PBXFileReference section */

/* Begin PBXFrameworksBuildPhase section */
		49F677CC22450DF200946417 /* Frameworks */ = {
			isa = PBXFrameworksBuildPhase;
			buildActionMask = 2147483647;
			files = (
			);
			runOnlyForDeploymentPostprocessing = 0;
		};
		49F677E022450DF200946417 /* Frameworks */ = {
			isa = PBXFrameworksBuildPhase;
			buildActionMask = 2147483647;
			files = (
			);
			runOnlyForDeploymentPostprocessing = 0;
		};
		49F677EB22450DF200946417 /* Frameworks */ = {
			isa = PBXFrameworksBuildPhase;
			buildActionMask = 2147483647;
			files = (
			);
			runOnlyForDeploymentPostprocessing = 0;
		};
/* End PBXFrameworksBuildPhase section */

/* Begin PBXGroup section */
		49F677C622450DF200946417 = {
			isa = PBXGroup;
			children = (
				49F677D122450DF200946417 /* FilesInFirebaseV2 */,
				49F677E622450DF200946417 /* FilesInFirebaseV2Tests */,
				49F677F122450DF200946417 /* FilesInFirebaseV2UITests */,
				49F677D022450DF200946417 /* Products */,
			);
			sourceTree = "<group>";
		};
		49F677D022450DF200946417 /* Products */ = {
			isa = PBXGroup;
			children = (
				49F677CF22450DF200946417 /* FilesInFirebaseV2.app */,
				49F677E322450DF200946417 /* FilesInFirebaseV2Tests.xctest */,
				49F677EE22450DF200946417 /* FilesInFirebaseV2UITests.xctest */,
			);
			name = Products;
			sourceTree = "<group>";
		};
		49F677D122450DF200946417 /* FilesInFirebaseV2 */ = {
			isa = PBXGroup;
			children = (
				49F677D222450DF200946417 /* AppDelegate.swift */,
				49F677D422450DF200946417 /* ViewController.swift */,
				49F677D622450DF200946417 /* Main.storyboard */,
				49F677D922450DF200946417 /* Assets.xcassets */,
				49F677DB22450DF200946417 /* LaunchScreen.storyboard */,
				49F677DE22450DF200946417 /* Info.plist */,
			);
			path = FilesInFirebaseV2;
			sourceTree = "<group>";
		};
		49F677E622450DF200946417 /* FilesInFirebaseV2Tests */ = {
			isa = PBXGroup;
			children = (
				49F677E722450DF200946417 /* FilesInFirebaseV2Tests.swift */,
				49F677E922450DF200946417 /* Info.plist */,
			);
			path = FilesInFirebaseV2Tests;
			sourceTree = "<group>";
		};
		49F677F122450DF200946417 /* FilesInFirebaseV2UITests */ = {
			isa = PBXGroup;
			children = (
				49F677F222450DF200946417 /* FilesInFirebaseV2UITests.swift */,
				49F677F422450DF200946417 /* Info.plist */,
			);
			path = FilesInFirebaseV2UITests;
			sourceTree = "<group>";
		};
/* End PBXGroup section */

/* Begin PBXNativeTarget section */
		49F677CE22450DF200946417 /* FilesInFirebaseV2 */ = {
			isa = PBXNativeTarget;
			buildConfigurationList = 49F677F722450DF200946417 /* Build configuration list for PBXNativeTarget "FilesInFirebaseV2" */;
			buildPhases = (
				49F677CB22450DF200946417 /* Sources */,
				49F677CC22450DF200946417 /* Frameworks */,
				49F677CD22450DF200946417 /* Resources */,
			);
			buildRules = (
			);
			dependencies = (
			);
			name = FilesInFirebaseV2;
			productName = FilesInFirebaseV2;
			productReference = 49F677CF22450DF200946417 /* FilesInFirebaseV2.app */;
			productType = "com.apple.product-type.application";
		};
		49F677E222450DF200946417 /* FilesInFirebaseV2Tests */ = {
			isa = PBXNativeTarget;
			buildConfigurationList = 49F677FA22450DF200946417 /* Build configuration list for PBXNativeTarget "FilesInFirebaseV2Tests" */;
			buildPhases = (
				49F677DF22450DF200946417 /* Sources */,
				49F677E022450DF200946417 /* Frameworks */,
				49F677E122450DF200946417 /* Resources */,
			);
			buildRules = (
			);
			dependencies = (
				49F677E522450DF200946417 /* PBXTargetDependency */,
			);
			name = FilesInFirebaseV2Tests;
			productName = FilesInFirebaseV2Tests;
			productReference = 49F677E322450DF200946417 /* FilesInFirebaseV2Tests.xctest */;
			productType = "com.apple.product-type.bundle.unit-test";
		};
		49F677ED22450DF200946417 /* FilesInFirebaseV2UITests */ = {
			isa = PBXNativeTarget;
			buildConfigurationList = 49F677FD22450DF200946417 /* Build configuration list for PBXNativeTarget "FilesInFirebaseV2UITests" */;
			buildPhases = (
				49F677EA22450DF200946417 /* Sources */,
				49F677EB22450DF200946417 /* Frameworks */,
				49F677EC22450DF200946417 /* Resources */,
			);
			buildRules = (
			);
			dependencies = (
				49F677F022450DF200946417 /* PBXTargetDependency */,
			);
			name = FilesInFirebaseV2UITests;
			productName = FilesInFirebaseV2UITests;
			productReference = 49F677EE22450DF200946417 /* FilesInFirebaseV2UITests.xctest */;
			productType = "com.apple.product-type.bundle.ui-testing";
		};
/* End PBXNativeTarget section */

/* Begin PBXProject section */
		49F677C722450DF200946417 /* Project object */ = {
			isa = PBXProject;
			attributes = {
				LastSwiftUpdateCheck = 1010;
				LastUpgradeCheck = 1010;
				ORGANIZATIONNAME = "Martin Løseth Jensen";
				TargetAttributes = {
					49F677CE22450DF200946417 = {
						CreatedOnToolsVersion = 10.1;
					};
					49F677E222450DF200946417 = {
						CreatedOnToolsVersion = 10.1;
						TestTargetID = 49F677CE22450DF200946417;
					};
					49F677ED22450DF200946417 = {
						CreatedOnToolsVersion = 10.1;
						TestTargetID = 49F677CE22450DF200946417;
					};
				};
			};
			buildConfigurationList = 49F677CA22450DF200946417 /* Build configuration list for PBXProject "FilesInFirebaseV2" */;
			compatibilityVersion = "Xcode 9.3";
			developmentRegion = en;
			hasScannedForEncodings = 0;
			knownRegions = (
				en,
				Base,
			);
			mainGroup = 49F677C622450DF200946417;
			productRefGroup = 49F677D022450DF200946417 /* Products */;
			projectDirPath = "";
			projectRoot = "";
			targets = (
				49F677CE22450DF200946417 /* FilesInFirebaseV2 */,
				49F677E222450DF200946417 /* FilesInFirebaseV2Tests */,
				49F677ED22450DF200946417 /* FilesInFirebaseV2UITests */,
			);
		};
/* End PBXProject section */

/* Begin PBXResourcesBuildPhase section */
		49F677CD22450DF200946417 /* Resources */ = {
			isa = PBXResourcesBuildPhase;
			buildActionMask = 2147483647;
			files = (
				49F677DD22450DF200946417 /* LaunchScreen.storyboard in Resources */,
				49F677DA22450DF200946417 /* Assets.xcassets in Resources */,
				49F677D822450DF200946417 /* Main.storyboard in Resources */,
			);
			runOnlyForDeploymentPostprocessing = 0;
		};
		49F677E122450DF200946417 /* Resources */ = {
			isa = PBXResourcesBuildPhase;
			buildActionMask = 2147483647;
			files = (
			);
			runOnlyForDeploymentPostprocessing = 0;
		};
		49F677EC22450DF200946417 /* Resources */ = {
			isa = PBXResourcesBuildPhase;
			buildActionMask = 2147483647;
			files = (
			);
			runOnlyForDeploymentPostprocessing = 0;
		};
/* End PBXResourcesBuildPhase section */

/* Begin PBXSourcesBuildPhase section */
		49F677CB22450DF200946417 /* Sources */ = {
			isa = PBXSourcesBuildPhase;
			buildActionMask = 2147483647;
			files = (
				49F677D522450DF200946417 /* ViewController.swift in Sources */,
				49F677D322450DF200946417 /* AppDelegate.swift in Sources */,
			);
			runOnlyForDeploymentPostprocessing = 0;
		};
		49F677DF22450DF200946417 /* Sources */ = {
			isa = PBXSourcesBuildPhase;
			buildActionMask = 2147483647;
			files = (
				49F677E822450DF200946417 /* FilesInFirebaseV2Tests.swift in Sources */,
			);
			runOnlyForDeploymentPostprocessing = 0;
		};
		49F677EA22450DF200946417 /* Sources */ = {
			isa = PBXSourcesBuildPhase;
			buildActionMask = 2147483647;
			files = (
				49F677F322450DF200946417 /* FilesInFirebaseV2UITests.swift in Sources */,
			);
			runOnlyForDeploymentPostprocessing = 0;
		};
/* End PBXSourcesBuildPhase section */

/* Begin PBXTargetDependency section */
		49F677E522450DF200946417 /* PBXTargetDependency */ = {
			isa = PBXTargetDependency;
			target = 49F677CE22450DF200946417 /* FilesInFirebaseV2 */;
			targetProxy = 49F677E422450DF200946417 /* PBXContainerItemProxy */;
		};
		49F677F022450DF200946417 /* PBXTargetDependency */ = {
			isa = PBXTargetDependency;
			target = 49F677CE22450DF200946417 /* FilesInFirebaseV2 */;
			targetProxy = 49F677EF22450DF200946417 /* PBXContainerItemProxy */;
		};
/* End PBXTargetDependency section */

/* Begin PBXVariantGroup section */
		49F677D622450DF200946417 /* Main.storyboard */ = {
			isa = PBXVariantGroup;
			children = (
				49F677D722450DF200946417 /* Base */,
			);
			name = Main.storyboard;
			sourceTree = "<group>";
		};
		49F677DB22450DF200946417 /* LaunchScreen.storyboard */ = {
			isa = PBXVariantGroup;
			children = (
				49F677DC22450DF200946417 /* Base */,
			);
			name = LaunchScreen.storyboard;
			sourceTree = "<group>";
		};
/* End PBXVariantGroup section */

/* Begin XCBuildConfiguration section */
		49F677F522450DF200946417 /* Debug */ = {
			isa = XCBuildConfiguration;
			buildSettings = {
				ALWAYS_SEARCH_USER_PATHS = NO;
				CLANG_ANALYZER_NONNULL = YES;
				CLANG_ANALYZER_NUMBER_OBJECT_CONVERSION = YES_AGGRESSIVE;
				CLANG_CXX_LANGUAGE_STANDARD = "gnu++14";
				CLANG_CXX_LIBRARY = "libc++";
				CLANG_ENABLE_MODULES = YES;
				CLANG_ENABLE_OBJC_ARC = YES;
				CLANG_ENABLE_OBJC_WEAK = YES;
				CLANG_WARN_BLOCK_CAPTURE_AUTORELEASING = YES;
				CLANG_WARN_BOOL_CONVERSION = YES;
				CLANG_WARN_COMMA = YES;
				CLANG_WARN_CONSTANT_CONVERSION = YES;
				CLANG_WARN_DEPRECATED_OBJC_IMPLEMENTATIONS = YES;
				CLANG_WARN_DIRECT_OBJC_ISA_USAGE = YES_ERROR;
				CLANG_WARN_DOCUMENTATION_COMMENTS = YES;
				CLANG_WARN_EMPTY_BODY = YES;
				CLANG_WARN_ENUM_CONVERSION = YES;
				CLANG_WARN_INFINITE_RECURSION = YES;
				CLANG_WARN_INT_CONVERSION = YES;
				CLANG_WARN_NON_LITERAL_NULL_CONVERSION = YES;
				CLANG_WARN_OBJC_IMPLICIT_RETAIN_SELF = YES;
				CLANG_WARN_OBJC_LITERAL_CONVERSION = YES;
				CLANG_WARN_OBJC_ROOT_CLASS = YES_ERROR;
				CLANG_WARN_RANGE_LOOP_ANALYSIS = YES;
				CLANG_WARN_STRICT_PROTOTYPES = YES;
				CLANG_WARN_SUSPICIOUS_MOVE = YES;
				CLANG_WARN_UNGUARDED_AVAILABILITY = YES_AGGRESSIVE;
				CLANG_WARN_UNREACHABLE_CODE = YES;
				CLANG_WARN__DUPLICATE_METHOD_MATCH = YES;
				CODE_SIGN_IDENTITY = "iPhone Developer";
				COPY_PHASE_STRIP = NO;
				DEBUG_INFORMATION_FORMAT = dwarf;
				ENABLE_STRICT_OBJC_MSGSEND = YES;
				ENABLE_TESTABILITY = YES;
				GCC_C_LANGUAGE_STANDARD = gnu11;
				GCC_DYNAMIC_NO_PIC = NO;
				GCC_NO_COMMON_BLOCKS = YES;
				GCC_OPTIMIZATION_LEVEL = 0;
				GCC_PREPROCESSOR_DEFINITIONS = (
					"DEBUG=1",
					"$(inherited)",
				);
				GCC_WARN_64_TO_32_BIT_CONVERSION = YES;
				GCC_WARN_ABOUT_RETURN_TYPE = YES_ERROR;
				GCC_WARN_UNDECLARED_SELECTOR = YES;
				GCC_WARN_UNINITIALIZED_AUTOS = YES_AGGRESSIVE;
				GCC_WARN_UNUSED_FUNCTION = YES;
				GCC_WARN_UNUSED_VARIABLE = YES;
				IPHONEOS_DEPLOYMENT_TARGET = 12.1;
				MTL_ENABLE_DEBUG_INFO = INCLUDE_SOURCE;
				MTL_FAST_MATH = YES;
				ONLY_ACTIVE_ARCH = YES;
				SDKROOT = iphoneos;
				SWIFT_ACTIVE_COMPILATION_CONDITIONS = DEBUG;
				SWIFT_OPTIMIZATION_LEVEL = "-Onone";
			};
			name = Debug;
		};
		49F677F622450DF200946417 /* Release */ = {
			isa = XCBuildConfiguration;
			buildSettings = {
				ALWAYS_SEARCH_USER_PATHS = NO;
				CLANG_ANALYZER_NONNULL = YES;
				CLANG_ANALYZER_NUMBER_OBJECT_CONVERSION = YES_AGGRESSIVE;
				CLANG_CXX_LANGUAGE_STANDARD = "gnu++14";
				CLANG_CXX_LIBRARY = "libc++";
				CLANG_ENABLE_MODULES = YES;
				CLANG_ENABLE_OBJC_ARC = YES;
				CLANG_ENABLE_OBJC_WEAK = YES;
				CLANG_WARN_BLOCK_CAPTURE_AUTORELEASING = YES;
				CLANG_WARN_BOOL_CONVERSION = YES;
				CLANG_WARN_COMMA = YES;
				CLANG_WARN_CONSTANT_CONVERSION = YES;
				CLANG_WARN_DEPRECATED_OBJC_IMPLEMENTATIONS = YES;
				CLANG_WARN_DIRECT_OBJC_ISA_USAGE = YES_ERROR;
				CLANG_WARN_DOCUMENTATION_COMMENTS = YES;
				CLANG_WARN_EMPTY_BODY = YES;
				CLANG_WARN_ENUM_CONVERSION = YES;
				CLANG_WARN_INFINITE_RECURSION = YES;
				CLANG_WARN_INT_CONVERSION = YES;
				CLANG_WARN_NON_LITERAL_NULL_CONVERSION = YES;
				CLANG_WARN_OBJC_IMPLICIT_RETAIN_SELF = YES;
				CLANG_WARN_OBJC_LITERAL_CONVERSION = YES;
				CLANG_WARN_OBJC_ROOT_CLASS = YES_ERROR;
				CLANG_WARN_RANGE_LOOP_ANALYSIS = YES;
				CLANG_WARN_STRICT_PROTOTYPES = YES;
				CLANG_WARN_SUSPICIOUS_MOVE = YES;
				CLANG_WARN_UNGUARDED_AVAILABILITY = YES_AGGRESSIVE;
				CLANG_WARN_UNREACHABLE_CODE = YES;
				CLANG_WARN__DUPLICATE_METHOD_MATCH = YES;
				CODE_SIGN_IDENTITY = "iPhone Developer";
				COPY_PHASE_STRIP = NO;
				DEBUG_INFORMATION_FORMAT = "dwarf-with-dsym";
				ENABLE_NS_ASSERTIONS = NO;
				ENABLE_STRICT_OBJC_MSGSEND = YES;
				GCC_C_LANGUAGE_STANDARD = gnu11;
				GCC_NO_COMMON_BLOCKS = YES;
				GCC_WARN_64_TO_32_BIT_CONVERSION = YES;
				GCC_WARN_ABOUT_RETURN_TYPE = YES_ERROR;
				GCC_WARN_UNDECLARED_SELECTOR = YES;
				GCC_WARN_UNINITIALIZED_AUTOS = YES_AGGRESSIVE;
				GCC_WARN_UNUSED_FUNCTION = YES;
				GCC_WARN_UNUSED_VARIABLE = YES;
				IPHONEOS_DEPLOYMENT_TARGET = 12.1;
				MTL_ENABLE_DEBUG_INFO = NO;
				MTL_FAST_MATH = YES;
				SDKROOT = iphoneos;
				SWIFT_COMPILATION_MODE = wholemodule;
				SWIFT_OPTIMIZATION_LEVEL = "-O";
				VALIDATE_PRODUCT = YES;
			};
			name = Release;
		};
		49F677F822450DF200946417 /* Debug */ = {
			isa = XCBuildConfiguration;
			buildSettings = {
				ASSETCATALOG_COMPILER_APPICON_NAME = AppIcon;
				CODE_SIGN_STYLE = Automatic;
				DEVELOPMENT_TEAM = JKUK4Z4JD9;
				INFOPLIST_FILE = FilesInFirebaseV2/Info.plist;
				LD_RUNPATH_SEARCH_PATHS = (
					"$(inherited)",
					"@executable_path/Frameworks",
				);
				PRODUCT_BUNDLE_IDENTIFIER = dk.mlj.FilesInFirebaseV2;
				PRODUCT_NAME = "$(TARGET_NAME)";
				SWIFT_VERSION = 4.2;
				TARGETED_DEVICE_FAMILY = "1,2";
			};
			name = Debug;
		};
		49F677F922450DF200946417 /* Release */ = {
			isa = XCBuildConfiguration;
			buildSettings = {
				ASSETCATALOG_COMPILER_APPICON_NAME = AppIcon;
				CODE_SIGN_STYLE = Automatic;
				DEVELOPMENT_TEAM = JKUK4Z4JD9;
				INFOPLIST_FILE = FilesInFirebaseV2/Info.plist;
				LD_RUNPATH_SEARCH_PATHS = (
					"$(inherited)",
					"@executable_path/Frameworks",
				);
				PRODUCT_BUNDLE_IDENTIFIER = dk.mlj.FilesInFirebaseV2;
				PRODUCT_NAME = "$(TARGET_NAME)";
				SWIFT_VERSION = 4.2;
				TARGETED_DEVICE_FAMILY = "1,2";
			};
			name = Release;
		};
		49F677FB22450DF200946417 /* Debug */ = {
			isa = XCBuildConfiguration;
			buildSettings = {
				ALWAYS_EMBED_SWIFT_STANDARD_LIBRARIES = YES;
				BUNDLE_LOADER = "$(TEST_HOST)";
				CODE_SIGN_STYLE = Automatic;
				DEVELOPMENT_TEAM = JKUK4Z4JD9;
				INFOPLIST_FILE = FilesInFirebaseV2Tests/Info.plist;
				LD_RUNPATH_SEARCH_PATHS = (
					"$(inherited)",
					"@executable_path/Frameworks",
					"@loader_path/Frameworks",
				);
				PRODUCT_BUNDLE_IDENTIFIER = dk.mlj.FilesInFirebaseV2Tests;
				PRODUCT_NAME = "$(TARGET_NAME)";
				SWIFT_VERSION = 4.2;
				TARGETED_DEVICE_FAMILY = "1,2";
				TEST_HOST = "$(BUILT_PRODUCTS_DIR)/FilesInFirebaseV2.app/FilesInFirebaseV2";
			};
			name = Debug;
		};
		49F677FC22450DF200946417 /* Release */ = {
			isa = XCBuildConfiguration;
			buildSettings = {
				ALWAYS_EMBED_SWIFT_STANDARD_LIBRARIES = YES;
				BUNDLE_LOADER = "$(TEST_HOST)";
				CODE_SIGN_STYLE = Automatic;
				DEVELOPMENT_TEAM = JKUK4Z4JD9;
				INFOPLIST_FILE = FilesInFirebaseV2Tests/Info.plist;
				LD_RUNPATH_SEARCH_PATHS = (
					"$(inherited)",
					"@executable_path/Frameworks",
					"@loader_path/Frameworks",
				);
				PRODUCT_BUNDLE_IDENTIFIER = dk.mlj.FilesInFirebaseV2Tests;
				PRODUCT_NAME = "$(TARGET_NAME)";
				SWIFT_VERSION = 4.2;
				TARGETED_DEVICE_FAMILY = "1,2";
				TEST_HOST = "$(BUILT_PRODUCTS_DIR)/FilesInFirebaseV2.app/FilesInFirebaseV2";
			};
			name = Release;
		};
		49F677FE22450DF200946417 /* Debug */ = {
			isa = XCBuildConfiguration;
			buildSettings = {
				ALWAYS_EMBED_SWIFT_STANDARD_LIBRARIES = YES;
				CODE_SIGN_STYLE = Automatic;
				DEVELOPMENT_TEAM = JKUK4Z4JD9;
				INFOPLIST_FILE = FilesInFirebaseV2UITests/Info.plist;
				LD_RUNPATH_SEARCH_PATHS = (
					"$(inherited)",
					"@executable_path/Frameworks",
					"@loader_path/Frameworks",
				);
				PRODUCT_BUNDLE_IDENTIFIER = dk.mlj.FilesInFirebaseV2UITests;
				PRODUCT_NAME = "$(TARGET_NAME)";
				SWIFT_VERSION = 4.2;
				TARGETED_DEVICE_FAMILY = "1,2";
				TEST_TARGET_NAME = FilesInFirebaseV2;
			};
			name = Debug;
		};
		49F677FF22450DF200946417 /* Release */ = {
			isa = XCBuildConfiguration;
			buildSettings = {
				ALWAYS_EMBED_SWIFT_STANDARD_LIBRARIES = YES;
				CODE_SIGN_STYLE = Automatic;
				DEVELOPMENT_TEAM = JKUK4Z4JD9;
				INFOPLIST_FILE = FilesInFirebaseV2UITests/Info.plist;
				LD_RUNPATH_SEARCH_PATHS = (
					"$(inherited)",
					"@executable_path/Frameworks",
					"@loader_path/Frameworks",
				);
				PRODUCT_BUNDLE_IDENTIFIER = dk.mlj.FilesInFirebaseV2UITests;
				PRODUCT_NAME = "$(TARGET_NAME)";
				SWIFT_VERSION = 4.2;
				TARGETED_DEVICE_FAMILY = "1,2";
				TEST_TARGET_NAME = FilesInFirebaseV2;
			};
			name = Release;
		};
/* End XCBuildConfiguration section */

/* Begin XCConfigurationList section */
		49F677CA22450DF200946417 /* Build configuration list for PBXProject "FilesInFirebaseV2" */ = {
			isa = XCConfigurationList;
			buildConfigurations = (
				49F677F522450DF200946417 /* Debug */,
				49F677F622450DF200946417 /* Release */,
			);
			defaultConfigurationIsVisible = 0;
			defaultConfigurationName = Release;
		};
		49F677F722450DF200946417 /* Build configuration list for PBXNativeTarget "FilesInFirebaseV2" */ = {
			isa = XCConfigurationList;
			buildConfigurations = (
				49F677F822450DF200946417 /* Debug */,
				49F677F922450DF200946417 /* Release */,
			);
			defaultConfigurationIsVisible = 0;
			defaultConfigurationName = Release;
		};
		49F677FA22450DF200946417 /* Build configuration list for PBXNativeTarget "FilesInFirebaseV2Tests" */ = {
			isa = XCConfigurationList;
			buildConfigurations = (
				49F677FB22450DF200946417 /* Debug */,
				49F677FC22450DF200946417 /* Release */,
			);
			defaultConfigurationIsVisible = 0;
			defaultConfigurationName = Release;
		};
		49F677FD22450DF200946417 /* Build configuration list for PBXNativeTarget "FilesInFirebaseV2UITests" */ = {
			isa = XCConfigurationList;
			buildConfigurations = (
				49F677FE22450DF200946417 /* Debug */,
				49F677FF22450DF200946417 /* Release */,
			);
			defaultConfigurationIsVisible = 0;
			defaultConfigurationName = Release;
		};
/* End XCConfigurationList section */
	};
	rootObject = 49F677C722450DF200946417 /* Project object */;
}
